// !$*UTF8*$!
{
	archiveVersion = 1;
	classes = {
	};
	objectVersion = 46;
	objects = {

/* Begin PBXBuildFile section */
		90BC643D1E8843A90035A339 /* AppDelegate.swift in Sources */ = {isa = PBXBuildFile; fileRef = 90BC643C1E8843A90035A339 /* AppDelegate.swift */; };
		90BC643F1E8843A90035A339 /* ViewController.swift in Sources */ = {isa = PBXBuildFile; fileRef = 90BC643E1E8843A90035A339 /* ViewController.swift */; };
		90BC64421E8843A90035A339 /* Main.storyboard in Resources */ = {isa = PBXBuildFile; fileRef = 90BC64401E8843A90035A339 /* Main.storyboard */; };
		90BC64441E8843A90035A339 /* Assets.xcassets in Resources */ = {isa = PBXBuildFile; fileRef = 90BC64431E8843A90035A339 /* Assets.xcassets */; };
		90BC64471E8843A90035A339 /* LaunchScreen.storyboard in Resources */ = {isa = PBXBuildFile; fileRef = 90BC64451E8843A90035A339 /* LaunchScreen.storyboard */; };
/* End PBXBuildFile section */

/* Begin PBXFileReference section */
		90BC64391E8843A90035A339 /* FirebaseSortData.app */ = {isa = PBXFileReference; explicitFileType = wrapper.application; includeInIndex = 0; path = FirebaseSortData.app; sourceTree = BUILT_PRODUCTS_DIR; };
		90BC643C1E8843A90035A339 /* AppDelegate.swift */ = {isa = PBXFileReference; lastKnownFileType = sourcecode.swift; path = AppDelegate.swift; sourceTree = "<group>"; };
		90BC643E1E8843A90035A339 /* ViewController.swift */ = {isa = PBXFileReference; lastKnownFileType = sourcecode.swift; path = ViewController.swift; sourceTree = "<group>"; };
		90BC64411E8843A90035A339 /* Base */ = {isa = PBXFileReference; lastKnownFileType = file.storyboard; name = Base; path = Base.lproj/Main.storyboard; sourceTree = "<group>"; };
		90BC64431E8843A90035A339 /* Assets.xcassets */ = {isa = PBXFileReference; lastKnownFileType = folder.assetcatalog; path = Assets.xcassets; sourceTree = "<group>"; };
		90BC64461E8843A90035A339 /* Base */ = {isa = PBXFileReference; lastKnownFileType = file.storyboard; name = Base; path = Base.lproj/LaunchScreen.storyboard; sourceTree = "<group>"; };
		90BC64481E8843A90035A339 /* Info.plist */ = {isa = PBXFileReference; lastKnownFileType = text.plist.xml; path = Info.plist; sourceTree = "<group>"; };
/* End PBXFileReference section */

/* Begin PBXFrameworksBuildPhase section */
		90BC64361E8843A90035A339 /* Frameworks */ = {
			isa = PBXFrameworksBuildPhase;
			buildActionMask = 2147483647;
			files = (
			);
			runOnlyForDeploymentPostprocessing = 0;
		};
/* End PBXFrameworksBuildPhase section */

/* Begin PBXGroup section */
		90BC64301E8843A90035A339 = {
			isa = PBXGroup;
			children = (
				90BC643B1E8843A90035A339 /* FirebaseSortData */,
				90BC643A1E8843A90035A339 /* Products */,
			);
			sourceTree = "<group>";
		};
		90BC643A1E8843A90035A339 /* Products */ = {
			isa = PBXGroup;
			children = (
				90BC64391E8843A90035A339 /* FirebaseSortData.app */,
			);
			name = Products;
			sourceTree = "<group>";
		};
		90BC643B1E8843A90035A339 /* FirebaseSortData */ = {
			isa = PBXGroup;
			children = (
				90BC643C1E8843A90035A339 /* AppDelegate.swift */,
				90BC643E1E8843A90035A339 /* ViewController.swift */,
				90BC64401E8843A90035A339 /* Main.storyboard */,
				90BC64431E8843A90035A339 /* Assets.xcassets */,
				90BC64451E8843A90035A339 /* LaunchScreen.storyboard */,
				90BC64481E8843A90035A339 /* Info.plist */,
			);
			path = FirebaseSortData;
			sourceTree = "<group>";
		};
/* End PBXGroup section */

/* Begin PBXNativeTarget section */
		90BC64381E8843A90035A339 /* FirebaseSortData */ = {
			isa = PBXNativeTarget;
			buildConfigurationList = 90BC644B1E8843A90035A339 /* Build configuration list for PBXNativeTarget "FirebaseSortData" */;
			buildPhases = (
				90BC64351E8843A90035A339 /* Sources */,
				90BC64361E8843A90035A339 /* Frameworks */,
				90BC64371E8843A90035A339 /* Resources */,
			);
			buildRules = (
			);
			dependencies = (
			);
			name = FirebaseSortData;
			productName = FirebaseSortData;
			productReference = 90BC64391E8843A90035A339 /* FirebaseSortData.app */;
			productType = "com.apple.product-type.application";
		};
/* End PBXNativeTarget section */

/* Begin PBXProject section */
		90BC64311E8843A90035A339 /* Project object */ = {
			isa = PBXProject;
			attributes = {
				LastSwiftUpdateCheck = 0820;
				LastUpgradeCheck = 0820;
				ORGANIZATIONNAME = "Andrii Halabuda";
				TargetAttributes = {
					90BC64381E8843A90035A339 = {
						CreatedOnToolsVersion = 8.2.1;
						DevelopmentTeam = PTRW36GG78;
						ProvisioningStyle = Automatic;
					};
				};
			};
			buildConfigurationList = 90BC64341E8843A90035A339 /* Build configuration list for PBXProject "FirebaseSortData" */;
			compatibilityVersion = "Xcode 3.2";
			developmentRegion = English;
			hasScannedForEncodings = 0;
			knownRegions = (
				en,
				Base,
			);
			mainGroup = 90BC64301E8843A90035A339;
			productRefGroup = 90BC643A1E8843A90035A339 /* Products */;
			projectDirPath = "";
			projectRoot = "";
			targets = (
				90BC64381E8843A90035A339 /* FirebaseSortData */,
			);
		};
/* End PBXProject section */

/* Begin PBXResourcesBuildPhase section */
		90BC64371E8843A90035A339 /* Resources */ = {
			isa = PBXResourcesBuildPhase;
			buildActionMask = 2147483647;
			files = (
				90BC64471E8843A90035A339 /* LaunchScreen.storyboard in Resources */,
				90BC64441E8843A90035A339 /* Assets.xcassets in Resources */,
				90BC64421E8843A90035A339 /* Main.storyboard in Resources */,
			);
			runOnlyForDeploymentPostprocessing = 0;
		};
/* End PBXResourcesBuildPhase section */

/* Begin PBXSourcesBuildPhase section */
		90BC64351E8843A90035A339 /* Sources */ = {
			isa = PBXSourcesBuildPhase;
			buildActionMask = 2147483647;
			files = (
				90BC643F1E8843A90035A339 /* ViewController.swift in Sources */,
				90BC643D1E8843A90035A339 /* AppDelegate.swift in Sources */,
			);
			runOnlyForDeploymentPostprocessing = 0;
		};
/* End PBXSourcesBuildPhase section */

/* Begin PBXVariantGroup section */
		90BC64401E8843A90035A339 /* Main.storyboard */ = {
			isa = PBXVariantGroup;
			children = (
				90BC64411E8843A90035A339 /* Base */,
			);
			name = Main.storyboard;
			sourceTree = "<group>";
		};
		90BC64451E8843A90035A339 /* LaunchScreen.storyboard */ = {
			isa = PBXVariantGroup;
			children = (
				90BC64461E8843A90035A339 /* Base */,
			);
			name = LaunchScreen.storyboard;
			sourceTree = "<group>";
		};
/* End PBXVariantGroup section */

/* Begin XCBuildConfiguration section */
		90BC64491E8843A90035A339 /* Debug */ = {
			isa = XCBuildConfiguration;
			buildSettings = {
				ALWAYS_SEARCH_USER_PATHS = NO;
				CLANG_ANALYZER_NONNULL = YES;
				CLANG_CXX_LANGUAGE_STANDARD = "gnu++0x";
				CLANG_CXX_LIBRARY = "libc++";
				CLANG_ENABLE_MODULES = YES;
				CLANG_ENABLE_OBJC_ARC = YES;
				CLANG_WARN_BOOL_CONVERSION = YES;
				CLANG_WARN_CONSTANT_CONVERSION = YES;
				CLANG_WARN_DIRECT_OBJC_ISA_USAGE = YES_ERROR;
				CLANG_WARN_DOCUMENTATION_COMMENTS = YES;
				CLANG_WARN_EMPTY_BODY = YES;
				CLANG_WARN_ENUM_CONVERSION = YES;
				CLANG_WARN_INFINITE_RECURSION = YES;
				CLANG_WARN_INT_CONVERSION = YES;
				CLANG_WARN_OBJC_ROOT_CLASS = YES_ERROR;
				CLANG_WARN_SUSPICIOUS_MOVE = YES;
				CLANG_WARN_UNREACHABLE_CODE = YES;
				CLANG_WARN__DUPLICATE_METHOD_MATCH = YES;
				"CODE_SIGN_IDENTITY[sdk=iphoneos*]" = "iPhone Developer";
				COPY_PHASE_STRIP = NO;
				DEBUG_INFORMATION_FORMAT = dwarf;
				ENABLE_STRICT_OBJC_MSGSEND = YES;
				ENABLE_TESTABILITY = YES;
				GCC_C_LANGUAGE_STANDARD = gnu99;
				GCC_DYNAMIC_NO_PIC = NO;
				GCC_NO_COMMON_BLOCKS = YES;
				GCC_OPTIMIZATION_LEVEL = 0;
				GCC_PREPROCESSOR_DEFINITIONS = (
					"DEBUG=1",
					"$(inherited)",
				);
				GCC_WARN_64_TO_32_BIT_CONVERSION = YES;
				GCC_WARN_ABOUT_RETURN_TYPE = YES_ERROR;
				GCC_WARN_UNDECLARED_SELECTOR = YES;
				GCC_WARN_UNINITIALIZED_AUTOS = YES_AGGRESSIVE;
				GCC_WARN_UNUSED_FUNCTION = YES;
				GCC_WARN_UNUSED_VARIABLE = YES;
				IPHONEOS_DEPLOYMENT_TARGET = 10.2;
				MTL_ENABLE_DEBUG_INFO = YES;
				ONLY_ACTIVE_ARCH = YES;
				SDKROOT = iphoneos;
				SWIFT_ACTIVE_COMPILATION_CONDITIONS = DEBUG;
				SWIFT_OPTIMIZATION_LEVEL = "-Onone";
				TARGETED_DEVICE_FAMILY = "1,2";
			};
			name = Debug;
		};
		90BC644A1E8843A90035A339 /* Release */ = {
			isa = XCBuildConfiguration;
			buildSettings = {
				ALWAYS_SEARCH_USER_PATHS = NO;
				CLANG_ANALYZER_NONNULL = YES;
				CLANG_CXX_LANGUAGE_STANDARD = "gnu++0x";
				CLANG_CXX_LIBRARY = "libc++";
				CLANG_ENABLE_MODULES = YES;
				CLANG_ENABLE_OBJC_ARC = YES;
				CLANG_WARN_BOOL_CONVERSION = YES;
				CLANG_WARN_CONSTANT_CONVERSION = YES;
				CLANG_WARN_DIRECT_OBJC_ISA_USAGE = YES_ERROR;
				CLANG_WARN_DOCUMENTATION_COMMENTS = YES;
				CLANG_WARN_EMPTY_BODY = YES;
				CLANG_WARN_ENUM_CONVERSION = YES;
				CLANG_WARN_INFINITE_RECURSION = YES;
				CLANG_WARN_INT_CONVERSION = YES;
				CLANG_WARN_OBJC_ROOT_CLASS = YES_ERROR;
				CLANG_WARN_SUSPICIOUS_MOVE = YES;
				CLANG_WARN_UNREACHABLE_CODE = YES;
				CLANG_WARN__DUPLICATE_METHOD_MATCH = YES;
				"CODE_SIGN_IDENTITY[sdk=iphoneos*]" = "iPhone Developer";
				COPY_PHASE_STRIP = NO;
				DEBUG_INFORMATION_FORMAT = "dwarf-with-dsym";
				ENABLE_NS_ASSERTIONS = NO;
				ENABLE_STRICT_OBJC_MSGSEND = YES;
				GCC_C_LANGUAGE_STANDARD = gnu99;
				GCC_NO_COMMON_BLOCKS = YES;
				GCC_WARN_64_TO_32_BIT_CONVERSION = YES;
				GCC_WARN_ABOUT_RETURN_TYPE = YES_ERROR;
				GCC_WARN_UNDECLARED_SELECTOR = YES;
				GCC_WARN_UNINITIALIZED_AUTOS = YES_AGGRESSIVE;
				GCC_WARN_UNUSED_FUNCTION = YES;
				GCC_WARN_UNUSED_VARIABLE = YES;
				IPHONEOS_DEPLOYMENT_TARGET = 10.2;
				MTL_ENABLE_DEBUG_INFO = NO;
				SDKROOT = iphoneos;
				SWIFT_OPTIMIZATION_LEVEL = "-Owholemodule";
				TARGETED_DEVICE_FAMILY = "1,2";
				VALIDATE_PRODUCT = YES;
			};
			name = Release;
		};
		90BC644C1E8843A90035A339 /* Debug */ = {
			isa = XCBuildConfiguration;
			buildSettings = {
				ASSETCATALOG_COMPILER_APPICON_NAME = AppIcon;
				DEVELOPMENT_TEAM = PTRW36GG78;
				INFOPLIST_FILE = FirebaseSortData/Info.plist;
				LD_RUNPATH_SEARCH_PATHS = "$(inherited) @executable_path/Frameworks";
				PRODUCT_BUNDLE_IDENTIFIER = com.losAngelesBoy.FirebaseSortData;
				PRODUCT_NAME = "$(TARGET_NAME)";
				SWIFT_VERSION = 3.0;
			};
			name = Debug;
		};
		90BC644D1E8843A90035A339 /* Release */ = {
			isa = XCBuildConfiguration;
			buildSettings = {
				ASSETCATALOG_COMPILER_APPICON_NAME = AppIcon;
				DEVELOPMENT_TEAM = PTRW36GG78;
				INFOPLIST_FILE = FirebaseSortData/Info.plist;
				LD_RUNPATH_SEARCH_PATHS = "$(inherited) @executable_path/Frameworks";
				PRODUCT_BUNDLE_IDENTIFIER = com.losAngelesBoy.FirebaseSortData;
				PRODUCT_NAME = "$(TARGET_NAME)";
				SWIFT_VERSION = 3.0;
			};
			name = Release;
		};
/* End XCBuildConfiguration section */

/* Begin XCConfigurationList section */
		90BC64341E8843A90035A339 /* Build configuration list for PBXProject "FirebaseSortData" */ = {
			isa = XCConfigurationList;
			buildConfigurations = (
				90BC64491E8843A90035A339 /* Debug */,
				90BC644A1E8843A90035A339 /* Release */,
			);
			defaultConfigurationIsVisible = 0;
			defaultConfigurationName = Release;
		};
		90BC644B1E8843A90035A339 /* Build configuration list for PBXNativeTarget "FirebaseSortData" */ = {
			isa = XCConfigurationList;
			buildConfigurations = (
				90BC644C1E8843A90035A339 /* Debug */,
				90BC644D1E8843A90035A339 /* Release */,
			);
			defaultConfigurationIsVisible = 0;
		};
/* End XCConfigurationList section */
	};
	rootObject = 90BC64311E8843A90035A339 /* Project object */;
}
